
Microsoft Visual Studio Solution File, Format Version 12.00
# Visual Studio Version 17
VisualStudioVersion = 17.11.35312.102
MinimumVisualStudioVersion = 10.0.40219.1
Project("{9A19103F-16F7-4668-BE54-9A1E7A4F7556}") = "Domain", "Domain\Domain.csproj", "{6B5D0F9C-5ACC-4D29-BB8C-EADDBE7C22B3}"
EndProject
Project("{9A19103F-16F7-4668-BE54-9A1E7A4F7556}") = "Infrastructure", "Infrastructure\Infrastructure.csproj", "{1ABBAB81-019D-4A02-AA9A-267A2756184F}"
EndProject
Project("{9A19103F-16F7-4668-BE54-9A1E7A4F7556}") = "Api", "Api\Api.csproj", "{927A9C7F-5B8D-47DF-9535-CE8BCC968C56}"
EndProject
Project("{9A19103F-16F7-4668-BE54-9A1E7A4F7556}") = "Application", "Application\Application.csproj", "{14C72A89-786D-4886-9169-1E70AE38296B}"
EndProject
Project("{FAE04EC0-301F-11D3-BF4B-00C04F79EFBC}") = "Tests", "Tests\Tests.csproj", "{E471DBCB-6144-4151-8474-3B30E7A9149C}"
EndProject
Global
	GlobalSection(SolutionConfigurationPlatforms) = preSolution
		Debug|Any CPU = Debug|Any CPU
		Release|Any CPU = Release|Any CPU
	EndGlobalSection
	GlobalSection(ProjectConfigurationPlatforms) = postSolution
		{6B5D0F9C-5ACC-4D29-BB8C-EADDBE7C22B3}.Debug|Any CPU.ActiveCfg = Debug|Any CPU
		{6B5D0F9C-5ACC-4D29-BB8C-EADDBE7C22B3}.Debug|Any CPU.Build.0 = Debug|Any CPU
		{6B5D0F9C-5ACC-4D29-BB8C-EADDBE7C22B3}.Release|Any CPU.ActiveCfg = Release|Any CPU
		{6B5D0F9C-5ACC-4D29-BB8C-EADDBE7C22B3}.Release|Any CPU.Build.0 = Release|Any CPU
		{1ABBAB81-019D-4A02-AA9A-267A2756184F}.Debug|Any CPU.ActiveCfg = Debug|Any CPU
		{1ABBAB81-019D-4A02-AA9A-267A2756184F}.Debug|Any CPU.Build.0 = Debug|Any CPU
		{1ABBAB81-019D-4A02-AA9A-267A2756184F}.Release|Any CPU.ActiveCfg = Release|Any CPU
		{1ABBAB81-019D-4A02-AA9A-267A2756184F}.Release|Any CPU.Build.0 = Release|Any CPU
		{927A9C7F-5B8D-47DF-9535-CE8BCC968C56}.Debug|Any CPU.ActiveCfg = Debug|Any CPU
		{927A9C7F-5B8D-47DF-9535-CE8BCC968C56}.Debug|Any CPU.Build.0 = Debug|Any CPU
		{927A9C7F-5B8D-47DF-9535-CE8BCC968C56}.Release|Any CPU.ActiveCfg = Release|Any CPU
		{927A9C7F-5B8D-47DF-9535-CE8BCC968C56}.Release|Any CPU.Build.0 = Release|Any CPU
		{14C72A89-786D-4886-9169-1E70AE38296B}.Debug|Any CPU.ActiveCfg = Debug|Any CPU
		{14C72A89-786D-4886-9169-1E70AE38296B}.Debug|Any CPU.Build.0 = Debug|Any CPU
		{14C72A89-786D-4886-9169-1E70AE38296B}.Release|Any CPU.ActiveCfg = Release|Any CPU
		{14C72A89-786D-4886-9169-1E70AE38296B}.Release|Any CPU.Build.0 = Release|Any CPU
		{E471DBCB-6144-4151-8474-3B30E7A9149C}.Debug|Any CPU.ActiveCfg = Debug|Any CPU
		{E471DBCB-6144-4151-8474-3B30E7A9149C}.Debug|Any CPU.Build.0 = Debug|Any CPU
		{E471DBCB-6144-4151-8474-3B30E7A9149C}.Release|Any CPU.ActiveCfg = Release|Any CPU
		{E471DBCB-6144-4151-8474-3B30E7A9149C}.Release|Any CPU.Build.0 = Release|Any CPU
	EndGlobalSection
	GlobalSection(SolutionProperties) = preSolution
		HideSolutionNode = FALSE
	EndGlobalSection
	GlobalSection(ExtensibilityGlobals) = postSolution
		SolutionGuid = {47A906B1-FE90-488E-B051-0D141ABEB2AF}
	EndGlobalSection
EndGlobal
